
Microsoft Visual Studio Solution File, Format Version 12.00
# Visual Studio Version 17
VisualStudioVersion = 17.3.32929.385
MinimumVisualStudioVersion = 10.0.40219.1
Project("{FAE04EC0-301F-11D3-BF4B-00C04F79EFBC}") = "Week12WPFDialog", "Week12WPFDialog\Week12WPFDialog.csproj", "{A0AE781F-EF56-428B-8216-2A2A89821CD0}"
EndProject
Global
	GlobalSection(SolutionConfigurationPlatforms) = preSolution
		Debug|Any CPU = Debug|Any CPU
		Release|Any CPU = Release|Any CPU
	EndGlobalSection
	GlobalSection(ProjectConfigurationPlatforms) = postSolution
		{A0AE781F-EF56-428B-8216-2A2A89821CD0}.Debug|Any CPU.ActiveCfg = Debug|Any CPU
		{A0AE781F-EF56-428B-8216-2A2A89821CD0}.Debug|Any CPU.Build.0 = Debug|Any CPU
		{A0AE781F-EF56-428B-8216-2A2A89821CD0}.Release|Any CPU.ActiveCfg = Release|Any CPU
		{A0AE781F-EF56-428B-8216-2A2A89821CD0}.Release|Any CPU.Build.0 = Release|Any CPU
	EndGlobalSection
	GlobalSection(SolutionProperties) = preSolution
		HideSolutionNode = FALSE
	EndGlobalSection
	GlobalSection(ExtensibilityGlobals) = postSolution
		SolutionGuid = {98C91261-D7A5-45E2-8B21-44EBBC594431}
	EndGlobalSection
EndGlobal
